
Microsoft Visual Studio Solution File, Format Version 12.00
# Visual Studio Version 16
VisualStudioVersion = 16.0.30011.22
MinimumVisualStudioVersion = 10.0.40219.1
Project("{9A19103F-16F7-4668-BE54-9A1E7A4F7556}") = "Soccer.Common", "Soccer.Common\Soccer.Common.csproj", "{06F5D493-215E-4DFD-8E1E-66378B334C65}"
EndProject
Project("{9A19103F-16F7-4668-BE54-9A1E7A4F7556}") = "Soccer.Web", "Soccer.Web\Soccer.Web.csproj", "{6199C96A-34F2-47D7-925B-F770ECFF4BCB}"
EndProject
Project("{9A19103F-16F7-4668-BE54-9A1E7A4F7556}") = "Soccer.Prism", "Soccer.Prism\Soccer.Prism\Soccer.Prism.csproj", "{DF5138E9-98E1-42ED-A0A8-C0991D49C9EF}"
EndProject
Project("{FAE04EC0-301F-11D3-BF4B-00C04F79EFBC}") = "Soccer.Prism.Android", "Soccer.Prism\Soccer.Prism.Android\Soccer.Prism.Android.csproj", "{F4BF8E6D-5AA7-4F32-A35C-CEAAA2DA4153}"
EndProject
Project("{FAE04EC0-301F-11D3-BF4B-00C04F79EFBC}") = "Soccer.Prism.iOS", "Soccer.Prism\Soccer.Prism.iOS\Soccer.Prism.iOS.csproj", "{91656B24-D012-4F49-BAF0-46D76CDA06FD}"
EndProject
Project("{FAE04EC0-301F-11D3-BF4B-00C04F79EFBC}") = "Soccer.Cross.iOS", "Soccer.Cross.iOS\Soccer.Cross.iOS.csproj", "{3A9A96A6-A1B7-49D0-B263-EE60733001FA}"
EndProject
Project("{FAE04EC0-301F-11D3-BF4B-00C04F79EFBC}") = "Soccer.Cross.Android", "Soccer.Cross.Android\Soccer.Cross.Android.csproj", "{728E0D84-CFFC-4813-8A69-FA36B4422E2B}"
EndProject
Global
	GlobalSection(SolutionConfigurationPlatforms) = preSolution
		Ad-Hoc|Any CPU = Ad-Hoc|Any CPU
		Ad-Hoc|iPhone = Ad-Hoc|iPhone
		Ad-Hoc|iPhoneSimulator = Ad-Hoc|iPhoneSimulator
		AppStore|Any CPU = AppStore|Any CPU
		AppStore|iPhone = AppStore|iPhone
		AppStore|iPhoneSimulator = AppStore|iPhoneSimulator
		Debug|Any CPU = Debug|Any CPU
		Debug|iPhone = Debug|iPhone
		Debug|iPhoneSimulator = Debug|iPhoneSimulator
		Release|Any CPU = Release|Any CPU
		Release|iPhone = Release|iPhone
		Release|iPhoneSimulator = Release|iPhoneSimulator
	EndGlobalSection
	GlobalSection(ProjectConfigurationPlatforms) = postSolution
		{06F5D493-215E-4DFD-8E1E-66378B334C65}.Ad-Hoc|Any CPU.ActiveCfg = Release|Any CPU
		{06F5D493-215E-4DFD-8E1E-66378B334C65}.Ad-Hoc|Any CPU.Build.0 = Release|Any CPU
		{06F5D493-215E-4DFD-8E1E-66378B334C65}.Ad-Hoc|iPhone.ActiveCfg = Release|Any CPU
		{06F5D493-215E-4DFD-8E1E-66378B334C65}.Ad-Hoc|iPhone.Build.0 = Release|Any CPU
		{06F5D493-215E-4DFD-8E1E-66378B334C65}.Ad-Hoc|iPhoneSimulator.ActiveCfg = Release|Any CPU
		{06F5D493-215E-4DFD-8E1E-66378B334C65}.Ad-Hoc|iPhoneSimulator.Build.0 = Release|Any CPU
		{06F5D493-215E-4DFD-8E1E-66378B334C65}.AppStore|Any CPU.ActiveCfg = Release|Any CPU
		{06F5D493-215E-4DFD-8E1E-66378B334C65}.AppStore|Any CPU.Build.0 = Release|Any CPU
		{06F5D493-215E-4DFD-8E1E-66378B334C65}.AppStore|iPhone.ActiveCfg = Release|Any CPU
		{06F5D493-215E-4DFD-8E1E-66378B334C65}.AppStore|iPhone.Build.0 = Release|Any CPU
		{06F5D493-215E-4DFD-8E1E-66378B334C65}.AppStore|iPhoneSimulator.ActiveCfg = Release|Any CPU
		{06F5D493-215E-4DFD-8E1E-66378B334C65}.AppStore|iPhoneSimulator.Build.0 = Release|Any CPU
		{06F5D493-215E-4DFD-8E1E-66378B334C65}.Debug|Any CPU.ActiveCfg = Debug|Any CPU
		{06F5D493-215E-4DFD-8E1E-66378B334C65}.Debug|Any CPU.Build.0 = Debug|Any CPU
		{06F5D493-215E-4DFD-8E1E-66378B334C65}.Debug|iPhone.ActiveCfg = Debug|Any CPU
		{06F5D493-215E-4DFD-8E1E-66378B334C65}.Debug|iPhone.Build.0 = Debug|Any CPU
		{06F5D493-215E-4DFD-8E1E-66378B334C65}.Debug|iPhoneSimulator.ActiveCfg = Debug|Any CPU
		{06F5D493-215E-4DFD-8E1E-66378B334C65}.Debug|iPhoneSimulator.Build.0 = Debug|Any CPU
		{06F5D493-215E-4DFD-8E1E-66378B334C65}.Release|Any CPU.ActiveCfg = Release|Any CPU
		{06F5D493-215E-4DFD-8E1E-66378B334C65}.Release|Any CPU.Build.0 = Release|Any CPU
		{06F5D493-215E-4DFD-8E1E-66378B334C65}.Release|iPhone.ActiveCfg = Release|Any CPU
		{06F5D493-215E-4DFD-8E1E-66378B334C65}.Release|iPhone.Build.0 = Release|Any CPU
		{06F5D493-215E-4DFD-8E1E-66378B334C65}.Release|iPhoneSimulator.ActiveCfg = Release|Any CPU
		{06F5D493-215E-4DFD-8E1E-66378B334C65}.Release|iPhoneSimulator.Build.0 = Release|Any CPU
		{6199C96A-34F2-47D7-925B-F770ECFF4BCB}.Ad-Hoc|Any CPU.ActiveCfg = Debug|Any CPU
		{6199C96A-34F2-47D7-925B-F770ECFF4BCB}.Ad-Hoc|Any CPU.Build.0 = Debug|Any CPU
		{6199C96A-34F2-47D7-925B-F770ECFF4BCB}.Ad-Hoc|iPhone.ActiveCfg = Debug|Any CPU
		{6199C96A-34F2-47D7-925B-F770ECFF4BCB}.Ad-Hoc|iPhone.Build.0 = Debug|Any CPU
		{6199C96A-34F2-47D7-925B-F770ECFF4BCB}.Ad-Hoc|iPhoneSimulator.ActiveCfg = Debug|Any CPU
		{6199C96A-34F2-47D7-925B-F770ECFF4BCB}.Ad-Hoc|iPhoneSimulator.Build.0 = Debug|Any CPU
		{6199C96A-34F2-47D7-925B-F770ECFF4BCB}.AppStore|Any CPU.ActiveCfg = Debug|Any CPU
		{6199C96A-34F2-47D7-925B-F770ECFF4BCB}.AppStore|Any CPU.Build.0 = Debug|Any CPU
		{6199C96A-34F2-47D7-925B-F770ECFF4BCB}.AppStore|iPhone.ActiveCfg = Debug|Any CPU
		{6199C96A-34F2-47D7-925B-F770ECFF4BCB}.AppStore|iPhone.Build.0 = Debug|Any CPU
		{6199C96A-34F2-47D7-925B-F770ECFF4BCB}.AppStore|iPhoneSimulator.ActiveCfg = Debug|Any CPU
		{6199C96A-34F2-47D7-925B-F770ECFF4BCB}.AppStore|iPhoneSimulator.Build.0 = Debug|Any CPU
		{6199C96A-34F2-47D7-925B-F770ECFF4BCB}.Debug|Any CPU.ActiveCfg = Debug|Any CPU
		{6199C96A-34F2-47D7-925B-F770ECFF4BCB}.Debug|Any CPU.Build.0 = Debug|Any CPU
		{6199C96A-34F2-47D7-925B-F770ECFF4BCB}.Debug|iPhone.ActiveCfg = Debug|Any CPU
		{6199C96A-34F2-47D7-925B-F770ECFF4BCB}.Debug|iPhone.Build.0 = Debug|Any CPU
		{6199C96A-34F2-47D7-925B-F770ECFF4BCB}.Debug|iPhoneSimulator.ActiveCfg = Debug|Any CPU
		{6199C96A-34F2-47D7-925B-F770ECFF4BCB}.Debug|iPhoneSimulator.Build.0 = Debug|Any CPU
		{6199C96A-34F2-47D7-925B-F770ECFF4BCB}.Release|Any CPU.ActiveCfg = Release|Any CPU
		{6199C96A-34F2-47D7-925B-F770ECFF4BCB}.Release|Any CPU.Build.0 = Release|Any CPU
		{6199C96A-34F2-47D7-925B-F770ECFF4BCB}.Release|iPhone.ActiveCfg = Release|Any CPU
		{6199C96A-34F2-47D7-925B-F770ECFF4BCB}.Release|iPhone.Build.0 = Release|Any CPU
		{6199C96A-34F2-47D7-925B-F770ECFF4BCB}.Release|iPhoneSimulator.ActiveCfg = Release|Any CPU
		{6199C96A-34F2-47D7-925B-F770ECFF4BCB}.Release|iPhoneSimulator.Build.0 = Release|Any CPU
		{DF5138E9-98E1-42ED-A0A8-C0991D49C9EF}.Ad-Hoc|Any CPU.ActiveCfg = Debug|Any CPU
		{DF5138E9-98E1-42ED-A0A8-C0991D49C9EF}.Ad-Hoc|Any CPU.Build.0 = Debug|Any CPU
		{DF5138E9-98E1-42ED-A0A8-C0991D49C9EF}.Ad-Hoc|iPhone.ActiveCfg = Debug|Any CPU
		{DF5138E9-98E1-42ED-A0A8-C0991D49C9EF}.Ad-Hoc|iPhone.Build.0 = Debug|Any CPU
		{DF5138E9-98E1-42ED-A0A8-C0991D49C9EF}.Ad-Hoc|iPhoneSimulator.ActiveCfg = Debug|Any CPU
		{DF5138E9-98E1-42ED-A0A8-C0991D49C9EF}.Ad-Hoc|iPhoneSimulator.Build.0 = Debug|Any CPU
		{DF5138E9-98E1-42ED-A0A8-C0991D49C9EF}.AppStore|Any CPU.ActiveCfg = Debug|Any CPU
		{DF5138E9-98E1-42ED-A0A8-C0991D49C9EF}.AppStore|Any CPU.Build.0 = Debug|Any CPU
		{DF5138E9-98E1-42ED-A0A8-C0991D49C9EF}.AppStore|iPhone.ActiveCfg = Debug|Any CPU
		{DF5138E9-98E1-42ED-A0A8-C0991D49C9EF}.AppStore|iPhone.Build.0 = Debug|Any CPU
		{DF5138E9-98E1-42ED-A0A8-C0991D49C9EF}.AppStore|iPhoneSimulator.ActiveCfg = Debug|Any CPU
		{DF5138E9-98E1-42ED-A0A8-C0991D49C9EF}.AppStore|iPhoneSimulator.Build.0 = Debug|Any CPU
		{DF5138E9-98E1-42ED-A0A8-C0991D49C9EF}.Debug|Any CPU.ActiveCfg = Debug|Any CPU
		{DF5138E9-98E1-42ED-A0A8-C0991D49C9EF}.Debug|Any CPU.Build.0 = Debug|Any CPU
		{DF5138E9-98E1-42ED-A0A8-C0991D49C9EF}.Debug|iPhone.ActiveCfg = Debug|Any CPU
		{DF5138E9-98E1-42ED-A0A8-C0991D49C9EF}.Debug|iPhone.Build.0 = Debug|Any CPU
		{DF5138E9-98E1-42ED-A0A8-C0991D49C9EF}.Debug|iPhoneSimulator.ActiveCfg = Debug|Any CPU
		{DF5138E9-98E1-42ED-A0A8-C0991D49C9EF}.Debug|iPhoneSimulator.Build.0 = Debug|Any CPU
		{DF5138E9-98E1-42ED-A0A8-C0991D49C9EF}.Release|Any CPU.ActiveCfg = Release|Any CPU
		{DF5138E9-98E1-42ED-A0A8-C0991D49C9EF}.Release|Any CPU.Build.0 = Release|Any CPU
		{DF5138E9-98E1-42ED-A0A8-C0991D49C9EF}.Release|iPhone.ActiveCfg = Release|Any CPU
		{DF5138E9-98E1-42ED-A0A8-C0991D49C9EF}.Release|iPhone.Build.0 = Release|Any CPU
		{DF5138E9-98E1-42ED-A0A8-C0991D49C9EF}.Release|iPhoneSimulator.ActiveCfg = Release|Any CPU
		{DF5138E9-98E1-42ED-A0A8-C0991D49C9EF}.Release|iPhoneSimulator.Build.0 = Release|Any CPU
		{F4BF8E6D-5AA7-4F32-A35C-CEAAA2DA4153}.Ad-Hoc|Any CPU.ActiveCfg = Release|Any CPU
		{F4BF8E6D-5AA7-4F32-A35C-CEAAA2DA4153}.Ad-Hoc|Any CPU.Build.0 = Release|Any CPU
		{F4BF8E6D-5AA7-4F32-A35C-CEAAA2DA4153}.Ad-Hoc|Any CPU.Deploy.0 = Release|Any CPU
		{F4BF8E6D-5AA7-4F32-A35C-CEAAA2DA4153}.Ad-Hoc|iPhone.ActiveCfg = Release|Any CPU
		{F4BF8E6D-5AA7-4F32-A35C-CEAAA2DA4153}.Ad-Hoc|iPhone.Build.0 = Release|Any CPU
		{F4BF8E6D-5AA7-4F32-A35C-CEAAA2DA4153}.Ad-Hoc|iPhone.Deploy.0 = Release|Any CPU
		{F4BF8E6D-5AA7-4F32-A35C-CEAAA2DA4153}.Ad-Hoc|iPhoneSimulator.ActiveCfg = Release|Any CPU
		{F4BF8E6D-5AA7-4F32-A35C-CEAAA2DA4153}.Ad-Hoc|iPhoneSimulator.Build.0 = Release|Any CPU
		{F4BF8E6D-5AA7-4F32-A35C-CEAAA2DA4153}.Ad-Hoc|iPhoneSimulator.Deploy.0 = Release|Any CPU
		{F4BF8E6D-5AA7-4F32-A35C-CEAAA2DA4153}.AppStore|Any CPU.ActiveCfg = Release|Any CPU
		{F4BF8E6D-5AA7-4F32-A35C-CEAAA2DA4153}.AppStore|Any CPU.Build.0 = Release|Any CPU
		{F4BF8E6D-5AA7-4F32-A35C-CEAAA2DA4153}.AppStore|Any CPU.Deploy.0 = Release|Any CPU
		{F4BF8E6D-5AA7-4F32-A35C-CEAAA2DA4153}.AppStore|iPhone.ActiveCfg = Release|Any CPU
		{F4BF8E6D-5AA7-4F32-A35C-CEAAA2DA4153}.AppStore|iPhone.Build.0 = Release|Any CPU
		{F4BF8E6D-5AA7-4F32-A35C-CEAAA2DA4153}.AppStore|iPhone.Deploy.0 = Release|Any CPU
		{F4BF8E6D-5AA7-4F32-A35C-CEAAA2DA4153}.AppStore|iPhoneSimulator.ActiveCfg = Release|Any CPU
		{F4BF8E6D-5AA7-4F32-A35C-CEAAA2DA4153}.AppStore|iPhoneSimulator.Build.0 = Release|Any CPU
		{F4BF8E6D-5AA7-4F32-A35C-CEAAA2DA4153}.AppStore|iPhoneSimulator.Deploy.0 = Release|Any CPU
		{F4BF8E6D-5AA7-4F32-A35C-CEAAA2DA4153}.Debug|Any CPU.ActiveCfg = Debug|Any CPU
		{F4BF8E6D-5AA7-4F32-A35C-CEAAA2DA4153}.Debug|Any CPU.Build.0 = Debug|Any CPU
		{F4BF8E6D-5AA7-4F32-A35C-CEAAA2DA4153}.Debug|Any CPU.Deploy.0 = Debug|Any CPU
		{F4BF8E6D-5AA7-4F32-A35C-CEAAA2DA4153}.Debug|iPhone.ActiveCfg = Debug|Any CPU
		{F4BF8E6D-5AA7-4F32-A35C-CEAAA2DA4153}.Debug|iPhone.Build.0 = Debug|Any CPU
		{F4BF8E6D-5AA7-4F32-A35C-CEAAA2DA4153}.Debug|iPhone.Deploy.0 = Debug|Any CPU
		{F4BF8E6D-5AA7-4F32-A35C-CEAAA2DA4153}.Debug|iPhoneSimulator.ActiveCfg = Debug|Any CPU
		{F4BF8E6D-5AA7-4F32-A35C-CEAAA2DA4153}.Debug|iPhoneSimulator.Build.0 = Debug|Any CPU
		{F4BF8E6D-5AA7-4F32-A35C-CEAAA2DA4153}.Debug|iPhoneSimulator.Deploy.0 = Debug|Any CPU
		{F4BF8E6D-5AA7-4F32-A35C-CEAAA2DA4153}.Release|Any CPU.ActiveCfg = Release|Any CPU
		{F4BF8E6D-5AA7-4F32-A35C-CEAAA2DA4153}.Release|Any CPU.Build.0 = Release|Any CPU
		{F4BF8E6D-5AA7-4F32-A35C-CEAAA2DA4153}.Release|Any CPU.Deploy.0 = Release|Any CPU
		{F4BF8E6D-5AA7-4F32-A35C-CEAAA2DA4153}.Release|iPhone.ActiveCfg = Release|Any CPU
		{F4BF8E6D-5AA7-4F32-A35C-CEAAA2DA4153}.Release|iPhone.Build.0 = Release|Any CPU
		{F4BF8E6D-5AA7-4F32-A35C-CEAAA2DA4153}.Release|iPhone.Deploy.0 = Release|Any CPU
		{F4BF8E6D-5AA7-4F32-A35C-CEAAA2DA4153}.Release|iPhoneSimulator.ActiveCfg = Release|Any CPU
		{F4BF8E6D-5AA7-4F32-A35C-CEAAA2DA4153}.Release|iPhoneSimulator.Build.0 = Release|Any CPU
		{F4BF8E6D-5AA7-4F32-A35C-CEAAA2DA4153}.Release|iPhoneSimulator.Deploy.0 = Release|Any CPU
		{91656B24-D012-4F49-BAF0-46D76CDA06FD}.Ad-Hoc|Any CPU.ActiveCfg = Ad-Hoc|iPhone
		{91656B24-D012-4F49-BAF0-46D76CDA06FD}.Ad-Hoc|iPhone.ActiveCfg = Ad-Hoc|iPhone
		{91656B24-D012-4F49-BAF0-46D76CDA06FD}.Ad-Hoc|iPhone.Build.0 = Ad-Hoc|iPhone
		{91656B24-D012-4F49-BAF0-46D76CDA06FD}.Ad-Hoc|iPhoneSimulator.ActiveCfg = Ad-Hoc|iPhoneSimulator
		{91656B24-D012-4F49-BAF0-46D76CDA06FD}.Ad-Hoc|iPhoneSimulator.Build.0 = Ad-Hoc|iPhoneSimulator
		{91656B24-D012-4F49-BAF0-46D76CDA06FD}.AppStore|Any CPU.ActiveCfg = AppStore|iPhone
		{91656B24-D012-4F49-BAF0-46D76CDA06FD}.AppStore|iPhone.ActiveCfg = AppStore|iPhone
		{91656B24-D012-4F49-BAF0-46D76CDA06FD}.AppStore|iPhone.Build.0 = AppStore|iPhone
		{91656B24-D012-4F49-BAF0-46D76CDA06FD}.AppStore|iPhoneSimulator.ActiveCfg = AppStore|iPhoneSimulator
		{91656B24-D012-4F49-BAF0-46D76CDA06FD}.AppStore|iPhoneSimulator.Build.0 = AppStore|iPhoneSimulator
		{91656B24-D012-4F49-BAF0-46D76CDA06FD}.Debug|Any CPU.ActiveCfg = Debug|iPhone
		{91656B24-D012-4F49-BAF0-46D76CDA06FD}.Debug|iPhone.ActiveCfg = Debug|iPhone
		{91656B24-D012-4F49-BAF0-46D76CDA06FD}.Debug|iPhone.Build.0 = Debug|iPhone
		{91656B24-D012-4F49-BAF0-46D76CDA06FD}.Debug|iPhoneSimulator.ActiveCfg = Debug|iPhoneSimulator
		{91656B24-D012-4F49-BAF0-46D76CDA06FD}.Debug|iPhoneSimulator.Build.0 = Debug|iPhoneSimulator
		{91656B24-D012-4F49-BAF0-46D76CDA06FD}.Release|Any CPU.ActiveCfg = Release|iPhone
		{91656B24-D012-4F49-BAF0-46D76CDA06FD}.Release|iPhone.ActiveCfg = Release|iPhone
		{91656B24-D012-4F49-BAF0-46D76CDA06FD}.Release|iPhone.Build.0 = Release|iPhone
		{91656B24-D012-4F49-BAF0-46D76CDA06FD}.Release|iPhoneSimulator.ActiveCfg = Release|iPhoneSimulator
		{91656B24-D012-4F49-BAF0-46D76CDA06FD}.Release|iPhoneSimulator.Build.0 = Release|iPhoneSimulator
		{3A9A96A6-A1B7-49D0-B263-EE60733001FA}.Ad-Hoc|Any CPU.ActiveCfg = Release|iPhone
		{3A9A96A6-A1B7-49D0-B263-EE60733001FA}.Ad-Hoc|Any CPU.Build.0 = Release|iPhone
		{3A9A96A6-A1B7-49D0-B263-EE60733001FA}.Ad-Hoc|iPhone.ActiveCfg = Release|iPhone
		{3A9A96A6-A1B7-49D0-B263-EE60733001FA}.Ad-Hoc|iPhone.Build.0 = Release|iPhone
		{3A9A96A6-A1B7-49D0-B263-EE60733001FA}.Ad-Hoc|iPhoneSimulator.ActiveCfg = Release|iPhoneSimulator
		{3A9A96A6-A1B7-49D0-B263-EE60733001FA}.Ad-Hoc|iPhoneSimulator.Build.0 = Release|iPhoneSimulator
		{3A9A96A6-A1B7-49D0-B263-EE60733001FA}.AppStore|Any CPU.ActiveCfg = Release|iPhone
		{3A9A96A6-A1B7-49D0-B263-EE60733001FA}.AppStore|Any CPU.Build.0 = Release|iPhone
		{3A9A96A6-A1B7-49D0-B263-EE60733001FA}.AppStore|iPhone.ActiveCfg = Release|iPhone
		{3A9A96A6-A1B7-49D0-B263-EE60733001FA}.AppStore|iPhone.Build.0 = Release|iPhone
		{3A9A96A6-A1B7-49D0-B263-EE60733001FA}.AppStore|iPhoneSimulator.ActiveCfg = Release|iPhoneSimulator
		{3A9A96A6-A1B7-49D0-B263-EE60733001FA}.AppStore|iPhoneSimulator.Build.0 = Release|iPhoneSimulator
		{3A9A96A6-A1B7-49D0-B263-EE60733001FA}.Debug|Any CPU.ActiveCfg = Debug|iPhone
		{3A9A96A6-A1B7-49D0-B263-EE60733001FA}.Debug|iPhone.ActiveCfg = Debug|iPhone
		{3A9A96A6-A1B7-49D0-B263-EE60733001FA}.Debug|iPhone.Build.0 = Debug|iPhone
		{3A9A96A6-A1B7-49D0-B263-EE60733001FA}.Debug|iPhoneSimulator.ActiveCfg = Debug|iPhoneSimulator
		{3A9A96A6-A1B7-49D0-B263-EE60733001FA}.Debug|iPhoneSimulator.Build.0 = Debug|iPhoneSimulator
		{3A9A96A6-A1B7-49D0-B263-EE60733001FA}.Release|Any CPU.ActiveCfg = Release|iPhone
		{3A9A96A6-A1B7-49D0-B263-EE60733001FA}.Release|iPhone.ActiveCfg = Release|iPhone
		{3A9A96A6-A1B7-49D0-B263-EE60733001FA}.Release|iPhone.Build.0 = Release|iPhone
		{3A9A96A6-A1B7-49D0-B263-EE60733001FA}.Release|iPhoneSimulator.ActiveCfg = Release|iPhoneSimulator
		{3A9A96A6-A1B7-49D0-B263-EE60733001FA}.Release|iPhoneSimulator.Build.0 = Release|iPhoneSimulator
		{728E0D84-CFFC-4813-8A69-FA36B4422E2B}.Ad-Hoc|Any CPU.ActiveCfg = Release|Any CPU
		{728E0D84-CFFC-4813-8A69-FA36B4422E2B}.Ad-Hoc|Any CPU.Build.0 = Release|Any CPU
		{728E0D84-CFFC-4813-8A69-FA36B4422E2B}.Ad-Hoc|Any CPU.Deploy.0 = Release|Any CPU
		{728E0D84-CFFC-4813-8A69-FA36B4422E2B}.Ad-Hoc|iPhone.ActiveCfg = Release|Any CPU
		{728E0D84-CFFC-4813-8A69-FA36B4422E2B}.Ad-Hoc|iPhone.Build.0 = Release|Any CPU
		{728E0D84-CFFC-4813-8A69-FA36B4422E2B}.Ad-Hoc|iPhone.Deploy.0 = Release|Any CPU
		{728E0D84-CFFC-4813-8A69-FA36B4422E2B}.Ad-Hoc|iPhoneSimulator.ActiveCfg = Release|Any CPU
		{728E0D84-CFFC-4813-8A69-FA36B4422E2B}.Ad-Hoc|iPhoneSimulator.Build.0 = Release|Any CPU
		{728E0D84-CFFC-4813-8A69-FA36B4422E2B}.Ad-Hoc|iPhoneSimulator.Deploy.0 = Release|Any CPU
		{728E0D84-CFFC-4813-8A69-FA36B4422E2B}.AppStore|Any CPU.ActiveCfg = Release|Any CPU
		{728E0D84-CFFC-4813-8A69-FA36B4422E2B}.AppStore|Any CPU.Build.0 = Release|Any CPU
		{728E0D84-CFFC-4813-8A69-FA36B4422E2B}.AppStore|Any CPU.Deploy.0 = Release|Any CPU
		{728E0D84-CFFC-4813-8A69-FA36B4422E2B}.AppStore|iPhone.ActiveCfg = Release|Any CPU
		{728E0D84-CFFC-4813-8A69-FA36B4422E2B}.AppStore|iPhone.Build.0 = Release|Any CPU
		{728E0D84-CFFC-4813-8A69-FA36B4422E2B}.AppStore|iPhone.Deploy.0 = Release|Any CPU
		{728E0D84-CFFC-4813-8A69-FA36B4422E2B}.AppStore|iPhoneSimulator.ActiveCfg = Release|Any CPU
		{728E0D84-CFFC-4813-8A69-FA36B4422E2B}.AppStore|iPhoneSimulator.Build.0 = Release|Any CPU
		{728E0D84-CFFC-4813-8A69-FA36B4422E2B}.AppStore|iPhoneSimulator.Deploy.0 = Release|Any CPU
		{728E0D84-CFFC-4813-8A69-FA36B4422E2B}.Debug|Any CPU.ActiveCfg = Debug|Any CPU
		{728E0D84-CFFC-4813-8A69-FA36B4422E2B}.Debug|Any CPU.Build.0 = Debug|Any CPU
		{728E0D84-CFFC-4813-8A69-FA36B4422E2B}.Debug|Any CPU.Deploy.0 = Debug|Any CPU
		{728E0D84-CFFC-4813-8A69-FA36B4422E2B}.Debug|iPhone.ActiveCfg = Debug|Any CPU
		{728E0D84-CFFC-4813-8A69-FA36B4422E2B}.Debug|iPhone.Build.0 = Debug|Any CPU
		{728E0D84-CFFC-4813-8A69-FA36B4422E2B}.Debug|iPhone.Deploy.0 = Debug|Any CPU
		{728E0D84-CFFC-4813-8A69-FA36B4422E2B}.Debug|iPhoneSimulator.ActiveCfg = Debug|Any CPU
		{728E0D84-CFFC-4813-8A69-FA36B4422E2B}.Debug|iPhoneSimulator.Build.0 = Debug|Any CPU
		{728E0D84-CFFC-4813-8A69-FA36B4422E2B}.Debug|iPhoneSimulator.Deploy.0 = Debug|Any CPU
		{728E0D84-CFFC-4813-8A69-FA36B4422E2B}.Release|Any CPU.ActiveCfg = Release|Any CPU
		{728E0D84-CFFC-4813-8A69-FA36B4422E2B}.Release|Any CPU.Build.0 = Release|Any CPU
		{728E0D84-CFFC-4813-8A69-FA36B4422E2B}.Release|Any CPU.Deploy.0 = Release|Any CPU
		{728E0D84-CFFC-4813-8A69-FA36B4422E2B}.Release|iPhone.ActiveCfg = Release|Any CPU
		{728E0D84-CFFC-4813-8A69-FA36B4422E2B}.Release|iPhone.Build.0 = Release|Any CPU
		{728E0D84-CFFC-4813-8A69-FA36B4422E2B}.Release|iPhone.Deploy.0 = Release|Any CPU
		{728E0D84-CFFC-4813-8A69-FA36B4422E2B}.Release|iPhoneSimulator.ActiveCfg = Release|Any CPU
		{728E0D84-CFFC-4813-8A69-FA36B4422E2B}.Release|iPhoneSimulator.Build.0 = Release|Any CPU
		{728E0D84-CFFC-4813-8A69-FA36B4422E2B}.Release|iPhoneSimulator.Deploy.0 = Release|Any CPU
	EndGlobalSection
	GlobalSection(SolutionProperties) = preSolution
		HideSolutionNode = FALSE
	EndGlobalSection
	GlobalSection(ExtensibilityGlobals) = postSolution
		SolutionGuid = {7A2512CA-DFF6-4BF2-8A1E-8E0A3AF971AD}
	EndGlobalSection
EndGlobal
